// !$*UTF8*$!
{
	archiveVersion = 1;
	classes = {
	};
	objectVersion = 77;
	objects = {

/* Begin PBXContainerItemProxy section */
		B6530EC02DDBCDE400C728A5 /* PBXContainerItemProxy */ = {
			isa = PBXContainerItemProxy;
			containerPortal = B6530EA72DDBCDE200C728A5 /* Project object */;
			proxyType = 1;
			remoteGlobalIDString = B6530EAE2DDBCDE200C728A5;
			remoteInfo = TempConvert;
		};
		B6530ECA2DDBCDE400C728A5 /* PBXContainerItemProxy */ = {
			isa = PBXContainerItemProxy;
			containerPortal = B6530EA72DDBCDE200C728A5 /* Project object */;
			proxyType = 1;
			remoteGlobalIDString = B6530EAE2DDBCDE200C728A5;
			remoteInfo = TempConvert;
		};
/* End PBXContainerItemProxy section */

/* Begin PBXFileReference section */
		B6530EAF2DDBCDE200C728A5 /* TempConvert.app */ = {isa = PBXFileReference; explicitFileType = wrapper.application; includeInIndex = 0; path = TempConvert.app; sourceTree = BUILT_PRODUCTS_DIR; };
		B6530EBF2DDBCDE400C728A5 /* TempConvertTests.xctest */ = {isa = PBXFileReference; explicitFileType = wrapper.cfbundle; includeInIndex = 0; path = TempConvertTests.xctest; sourceTree = BUILT_PRODUCTS_DIR; };
		B6530EC92DDBCDE400C728A5 /* TempConvertUITests.xctest */ = {isa = PBXFileReference; explicitFileType = wrapper.cfbundle; includeInIndex = 0; path = TempConvertUITests.xctest; sourceTree = BUILT_PRODUCTS_DIR; };
/* End PBXFileReference section */

/* Begin PBXFileSystemSynchronizedRootGroup section */
		B6530EB12DDBCDE200C728A5 /* TempConvert */ = {
			isa = PBXFileSystemSynchronizedRootGroup;
			path = TempConvert;
			sourceTree = "<group>";
		};
		B6530EC22DDBCDE400C728A5 /* TempConvertTests */ = {
			isa = PBXFileSystemSynchronizedRootGroup;
			path = TempConvertTests;
			sourceTree = "<group>";
		};
		B6530ECC2DDBCDE400C728A5 /* TempConvertUITests */ = {
			isa = PBXFileSystemSynchronizedRootGroup;
			path = TempConvertUITests;
			sourceTree = "<group>";
		};
/* End PBXFileSystemSynchronizedRootGroup section */

/* Begin PBXFrameworksBuildPhase section */
		B6530EAC2DDBCDE200C728A5 /* Frameworks */ = {
			isa = PBXFrameworksBuildPhase;
			buildActionMask = 2147483647;
			files = (
			);
			runOnlyForDeploymentPostprocessing = 0;
		};
		B6530EBC2DDBCDE400C728A5 /* Frameworks */ = {
			isa = PBXFrameworksBuildPhase;
			buildActionMask = 2147483647;
			files = (
			);
			runOnlyForDeploymentPostprocessing = 0;
		};
		B6530EC62DDBCDE400C728A5 /* Frameworks */ = {
			isa = PBXFrameworksBuildPhase;
			buildActionMask = 2147483647;
			files = (
			);
			runOnlyForDeploymentPostprocessing = 0;
		};
/* End PBXFrameworksBuildPhase section */

/* Begin PBXGroup section */
		B6530EA62DDBCDE200C728A5 = {
			isa = PBXGroup;
			children = (
				B6530EB12DDBCDE200C728A5 /* TempConvert */,
				B6530EC22DDBCDE400C728A5 /* TempConvertTests */,
				B6530ECC2DDBCDE400C728A5 /* TempConvertUITests */,
				B6530EB02DDBCDE200C728A5 /* Products */,
			);
			sourceTree = "<group>";
		};
		B6530EB02DDBCDE200C728A5 /* Products */ = {
			isa = PBXGroup;
			children = (
				B6530EAF2DDBCDE200C728A5 /* TempConvert.app */,
				B6530EBF2DDBCDE400C728A5 /* TempConvertTests.xctest */,
				B6530EC92DDBCDE400C728A5 /* TempConvertUITests.xctest */,
			);
			name = Products;
			sourceTree = "<group>";
		};
/* End PBXGroup section */

/* Begin PBXNativeTarget section */
		B6530EAE2DDBCDE200C728A5 /* TempConvert */ = {
			isa = PBXNativeTarget;
			buildConfigurationList = B6530ED32DDBCDE400C728A5 /* Build configuration list for PBXNativeTarget "TempConvert" */;
			buildPhases = (
				B6530EAB2DDBCDE200C728A5 /* Sources */,
				B6530EAC2DDBCDE200C728A5 /* Frameworks */,
				B6530EAD2DDBCDE200C728A5 /* Resources */,
			);
			buildRules = (
			);
			dependencies = (
			);
			fileSystemSynchronizedGroups = (
				B6530EB12DDBCDE200C728A5 /* TempConvert */,
			);
			name = TempConvert;
			packageProductDependencies = (
			);
			productName = TempConvert;
			productReference = B6530EAF2DDBCDE200C728A5 /* TempConvert.app */;
			productType = "com.apple.product-type.application";
		};
		B6530EBE2DDBCDE400C728A5 /* TempConvertTests */ = {
			isa = PBXNativeTarget;
			buildConfigurationList = B6530ED62DDBCDE400C728A5 /* Build configuration list for PBXNativeTarget "TempConvertTests" */;
			buildPhases = (
				B6530EBB2DDBCDE400C728A5 /* Sources */,
				B6530EBC2DDBCDE400C728A5 /* Frameworks */,
				B6530EBD2DDBCDE400C728A5 /* Resources */,
			);
			buildRules = (
			);
			dependencies = (
				B6530EC12DDBCDE400C728A5 /* PBXTargetDependency */,
			);
			fileSystemSynchronizedGroups = (
				B6530EC22DDBCDE400C728A5 /* TempConvertTests */,
			);
			name = TempConvertTests;
			packageProductDependencies = (
			);
			productName = TempConvertTests;
			productReference = B6530EBF2DDBCDE400C728A5 /* TempConvertTests.xctest */;
			productType = "com.apple.product-type.bundle.unit-test";
		};
		B6530EC82DDBCDE400C728A5 /* TempConvertUITests */ = {
			isa = PBXNativeTarget;
			buildConfigurationList = B6530ED92DDBCDE400C728A5 /* Build configuration list for PBXNativeTarget "TempConvertUITests" */;
			buildPhases = (
				B6530EC52DDBCDE400C728A5 /* Sources */,
				B6530EC62DDBCDE400C728A5 /* Frameworks */,
				B6530EC72DDBCDE400C728A5 /* Resources */,
			);
			buildRules = (
			);
			dependencies = (
				B6530ECB2DDBCDE400C728A5 /* PBXTargetDependency */,
			);
			fileSystemSynchronizedGroups = (
				B6530ECC2DDBCDE400C728A5 /* TempConvertUITests */,
			);
			name = TempConvertUITests;
			packageProductDependencies = (
			);
			productName = TempConvertUITests;
			productReference = B6530EC92DDBCDE400C728A5 /* TempConvertUITests.xctest */;
			productType = "com.apple.product-type.bundle.ui-testing";
		};
/* End PBXNativeTarget section */

/* Begin PBXProject section */
		B6530EA72DDBCDE200C728A5 /* Project object */ = {
			isa = PBXProject;
			attributes = {
				BuildIndependentTargetsInParallel = 1;
				LastSwiftUpdateCheck = 1620;
				LastUpgradeCheck = 1620;
				TargetAttributes = {
					B6530EAE2DDBCDE200C728A5 = {
						CreatedOnToolsVersion = 16.2;
					};
					B6530EBE2DDBCDE400C728A5 = {
						CreatedOnToolsVersion = 16.2;
						TestTargetID = B6530EAE2DDBCDE200C728A5;
					};
					B6530EC82DDBCDE400C728A5 = {
						CreatedOnToolsVersion = 16.2;
						TestTargetID = B6530EAE2DDBCDE200C728A5;
					};
				};
			};
			buildConfigurationList = B6530EAA2DDBCDE200C728A5 /* Build configuration list for PBXProject "TempConvert" */;
			developmentRegion = en;
			hasScannedForEncodings = 0;
			knownRegions = (
				en,
				Base,
			);
			mainGroup = B6530EA62DDBCDE200C728A5;
			minimizedProjectReferenceProxies = 1;
			preferredProjectObjectVersion = 77;
			productRefGroup = B6530EB02DDBCDE200C728A5 /* Products */;
			projectDirPath = "";
			projectRoot = "";
			targets = (
				B6530EAE2DDBCDE200C728A5 /* TempConvert */,
				B6530EBE2DDBCDE400C728A5 /* TempConvertTests */,
				B6530EC82DDBCDE400C728A5 /* TempConvertUITests */,
			);
		};
/* End PBXProject section */

/* Begin PBXResourcesBuildPhase section */
		B6530EAD2DDBCDE200C728A5 /* Resources */ = {
			isa = PBXResourcesBuildPhase;
			buildActionMask = 2147483647;
			files = (
			);
			runOnlyForDeploymentPostprocessing = 0;
		};
		B6530EBD2DDBCDE400C728A5 /* Resources */ = {
			isa = PBXResourcesBuildPhase;
			buildActionMask = 2147483647;
			files = (
			);
			runOnlyForDeploymentPostprocessing = 0;
		};
		B6530EC72DDBCDE400C728A5 /* Resources */ = {
			isa = PBXResourcesBuildPhase;
			buildActionMask = 2147483647;
			files = (
			);
			runOnlyForDeploymentPostprocessing = 0;
		};
/* End PBXResourcesBuildPhase section */

/* Begin PBXSourcesBuildPhase section */
		B6530EAB2DDBCDE200C728A5 /* Sources */ = {
			isa = PBXSourcesBuildPhase;
			buildActionMask = 2147483647;
			files = (
			);
			runOnlyForDeploymentPostprocessing = 0;
		};
		B6530EBB2DDBCDE400C728A5 /* Sources */ = {
			isa = PBXSourcesBuildPhase;
			buildActionMask = 2147483647;
			files = (
			);
			runOnlyForDeploymentPostprocessing = 0;
		};
		B6530EC52DDBCDE400C728A5 /* Sources */ = {
			isa = PBXSourcesBuildPhase;
			buildActionMask = 2147483647;
			files = (
			);
			runOnlyForDeploymentPostprocessing = 0;
		};
/* End PBXSourcesBuildPhase section */

/* Begin PBXTargetDependency section */
		B6530EC12DDBCDE400C728A5 /* PBXTargetDependency */ = {
			isa = PBXTargetDependency;
			target = B6530EAE2DDBCDE200C728A5 /* TempConvert */;
			targetProxy = B6530EC02DDBCDE400C728A5 /* PBXContainerItemProxy */;
		};
		B6530ECB2DDBCDE400C728A5 /* PBXTargetDependency */ = {
			isa = PBXTargetDependency;
			target = B6530EAE2DDBCDE200C728A5 /* TempConvert */;
			targetProxy = B6530ECA2DDBCDE400C728A5 /* PBXContainerItemProxy */;
		};
/* End PBXTargetDependency section */

/* Begin XCBuildConfiguration section */
		B6530ED12DDBCDE400C728A5 /* Debug */ = {
			isa = XCBuildConfiguration;
			buildSettings = {
				ALWAYS_SEARCH_USER_PATHS = NO;
				ASSETCATALOG_COMPILER_GENERATE_SWIFT_ASSET_SYMBOL_EXTENSIONS = YES;
				CLANG_ANALYZER_NONNULL = YES;
				CLANG_ANALYZER_NUMBER_OBJECT_CONVERSION = YES_AGGRESSIVE;
				CLANG_CXX_LANGUAGE_STANDARD = "gnu++20";
				CLANG_ENABLE_MODULES = YES;
				CLANG_ENABLE_OBJC_ARC = YES;
				CLANG_ENABLE_OBJC_WEAK = YES;
				CLANG_WARN_BLOCK_CAPTURE_AUTORELEASING = YES;
				CLANG_WARN_BOOL_CONVERSION = YES;
				CLANG_WARN_COMMA = YES;
				CLANG_WARN_CONSTANT_CONVERSION = YES;
				CLANG_WARN_DEPRECATED_OBJC_IMPLEMENTATIONS = YES;
				CLANG_WARN_DIRECT_OBJC_ISA_USAGE = YES_ERROR;
				CLANG_WARN_DOCUMENTATION_COMMENTS = YES;
				CLANG_WARN_EMPTY_BODY = YES;
				CLANG_WARN_ENUM_CONVERSION = YES;
				CLANG_WARN_INFINITE_RECURSION = YES;
				CLANG_WARN_INT_CONVERSION = YES;
				CLANG_WARN_NON_LITERAL_NULL_CONVERSION = YES;
				CLANG_WARN_OBJC_IMPLICIT_RETAIN_SELF = YES;
				CLANG_WARN_OBJC_LITERAL_CONVERSION = YES;
				CLANG_WARN_OBJC_ROOT_CLASS = YES_ERROR;
				CLANG_WARN_QUOTED_INCLUDE_IN_FRAMEWORK_HEADER = YES;
				CLANG_WARN_RANGE_LOOP_ANALYSIS = YES;
				CLANG_WARN_STRICT_PROTOTYPES = YES;
				CLANG_WARN_SUSPICIOUS_MOVE = YES;
				CLANG_WARN_UNGUARDED_AVAILABILITY = YES_AGGRESSIVE;
				CLANG_WARN_UNREACHABLE_CODE = YES;
				CLANG_WARN__DUPLICATE_METHOD_MATCH = YES;
				COPY_PHASE_STRIP = NO;
				DEBUG_INFORMATION_FORMAT = dwarf;
				ENABLE_STRICT_OBJC_MSGSEND = YES;
				ENABLE_TESTABILITY = YES;
				ENABLE_USER_SCRIPT_SANDBOXING = YES;
				GCC_C_LANGUAGE_STANDARD = gnu17;
				GCC_DYNAMIC_NO_PIC = NO;
				GCC_NO_COMMON_BLOCKS = YES;
				GCC_OPTIMIZATION_LEVEL = 0;
				GCC_PREPROCESSOR_DEFINITIONS = (
					"DEBUG=1",
					"$(inherited)",
				);
				GCC_WARN_64_TO_32_BIT_CONVERSION = YES;
				GCC_WARN_ABOUT_RETURN_TYPE = YES_ERROR;
				GCC_WARN_UNDECLARED_SELECTOR = YES;
				GCC_WARN_UNINITIALIZED_AUTOS = YES_AGGRESSIVE;
				GCC_WARN_UNUSED_FUNCTION = YES;
				GCC_WARN_UNUSED_VARIABLE = YES;
				IPHONEOS_DEPLOYMENT_TARGET = 18.2;
				LOCALIZATION_PREFERS_STRING_CATALOGS = YES;
				MTL_ENABLE_DEBUG_INFO = INCLUDE_SOURCE;
				MTL_FAST_MATH = YES;
				ONLY_ACTIVE_ARCH = YES;
				SDKROOT = iphoneos;
				SWIFT_ACTIVE_COMPILATION_CONDITIONS = "DEBUG $(inherited)";
				SWIFT_OPTIMIZATION_LEVEL = "-Onone";
			};
			name = Debug;
		};
		B6530ED22DDBCDE400C728A5 /* Release */ = {
			isa = XCBuildConfiguration;
			buildSettings = {
				ALWAYS_SEARCH_USER_PATHS = NO;
				ASSETCATALOG_COMPILER_GENERATE_SWIFT_ASSET_SYMBOL_EXTENSIONS = YES;
				CLANG_ANALYZER_NONNULL = YES;
				CLANG_ANALYZER_NUMBER_OBJECT_CONVERSION = YES_AGGRESSIVE;
				CLANG_CXX_LANGUAGE_STANDARD = "gnu++20";
				CLANG_ENABLE_MODULES = YES;
				CLANG_ENABLE_OBJC_ARC = YES;
				CLANG_ENABLE_OBJC_WEAK = YES;
				CLANG_WARN_BLOCK_CAPTURE_AUTORELEASING = YES;
				CLANG_WARN_BOOL_CONVERSION = YES;
				CLANG_WARN_COMMA = YES;
				CLANG_WARN_CONSTANT_CONVERSION = YES;
				CLANG_WARN_DEPRECATED_OBJC_IMPLEMENTATIONS = YES;
				CLANG_WARN_DIRECT_OBJC_ISA_USAGE = YES_ERROR;
				CLANG_WARN_DOCUMENTATION_COMMENTS = YES;
				CLANG_WARN_EMPTY_BODY = YES;
				CLANG_WARN_ENUM_CONVERSION = YES;
				CLANG_WARN_INFINITE_RECURSION = YES;
				CLANG_WARN_INT_CONVERSION = YES;
				CLANG_WARN_NON_LITERAL_NULL_CONVERSION = YES;
				CLANG_WARN_OBJC_IMPLICIT_RETAIN_SELF = YES;
				CLANG_WARN_OBJC_LITERAL_CONVERSION = YES;
				CLANG_WARN_OBJC_ROOT_CLASS = YES_ERROR;
				CLANG_WARN_QUOTED_INCLUDE_IN_FRAMEWORK_HEADER = YES;
				CLANG_WARN_RANGE_LOOP_ANALYSIS = YES;
				CLANG_WARN_STRICT_PROTOTYPES = YES;
				CLANG_WARN_SUSPICIOUS_MOVE = YES;
				CLANG_WARN_UNGUARDED_AVAILABILITY = YES_AGGRESSIVE;
				CLANG_WARN_UNREACHABLE_CODE = YES;
				CLANG_WARN__DUPLICATE_METHOD_MATCH = YES;
				COPY_PHASE_STRIP = NO;
				DEBUG_INFORMATION_FORMAT = "dwarf-with-dsym";
				ENABLE_NS_ASSERTIONS = NO;
				ENABLE_STRICT_OBJC_MSGSEND = YES;
				ENABLE_USER_SCRIPT_SANDBOXING = YES;
				GCC_C_LANGUAGE_STANDARD = gnu17;
				GCC_NO_COMMON_BLOCKS = YES;
				GCC_WARN_64_TO_32_BIT_CONVERSION = YES;
				GCC_WARN_ABOUT_RETURN_TYPE = YES_ERROR;
				GCC_WARN_UNDECLARED_SELECTOR = YES;
				GCC_WARN_UNINITIALIZED_AUTOS = YES_AGGRESSIVE;
				GCC_WARN_UNUSED_FUNCTION = YES;
				GCC_WARN_UNUSED_VARIABLE = YES;
				IPHONEOS_DEPLOYMENT_TARGET = 18.2;
				LOCALIZATION_PREFERS_STRING_CATALOGS = YES;
				MTL_ENABLE_DEBUG_INFO = NO;
				MTL_FAST_MATH = YES;
				SDKROOT = iphoneos;
				SWIFT_COMPILATION_MODE = wholemodule;
				VALIDATE_PRODUCT = YES;
			};
			name = Release;
		};
		B6530ED42DDBCDE400C728A5 /* Debug */ = {
			isa = XCBuildConfiguration;
			buildSettings = {
				ASSETCATALOG_COMPILER_APPICON_NAME = AppIcon;
				ASSETCATALOG_COMPILER_GLOBAL_ACCENT_COLOR_NAME = AccentColor;
				CODE_SIGN_STYLE = Automatic;
				CURRENT_PROJECT_VERSION = 1;
				DEVELOPMENT_ASSET_PATHS = "\"TempConvert/Preview Content\"";
				ENABLE_PREVIEWS = YES;
				GENERATE_INFOPLIST_FILE = YES;
				INFOPLIST_KEY_UIApplicationSceneManifest_Generation = YES;
				INFOPLIST_KEY_UIApplicationSupportsIndirectInputEvents = YES;
				INFOPLIST_KEY_UILaunchScreen_Generation = YES;
				INFOPLIST_KEY_UISupportedInterfaceOrientations_iPad = "UIInterfaceOrientationPortrait UIInterfaceOrientationPortraitUpsideDown UIInterfaceOrientationLandscapeLeft UIInterfaceOrientationLandscapeRight";
				INFOPLIST_KEY_UISupportedInterfaceOrientations_iPhone = "UIInterfaceOrientationPortrait UIInterfaceOrientationLandscapeLeft UIInterfaceOrientationLandscapeRight";
				LD_RUNPATH_SEARCH_PATHS = (
					"$(inherited)",
					"@executable_path/Frameworks",
				);
				MARKETING_VERSION = 1.0;
				PRODUCT_BUNDLE_IDENTIFIER = me.byrapatna.dhruva.TempConvert;
				PRODUCT_NAME = "$(TARGET_NAME)";
				SWIFT_EMIT_LOC_STRINGS = YES;
				SWIFT_VERSION = 5.0;
				TARGETED_DEVICE_FAMILY = "1,2";
			};
			name = Debug;
		};
		B6530ED52DDBCDE400C728A5 /* Release */ = {
			isa = XCBuildConfiguration;
			buildSettings = {
				ASSETCATALOG_COMPILER_APPICON_NAME = AppIcon;
				ASSETCATALOG_COMPILER_GLOBAL_ACCENT_COLOR_NAME = AccentColor;
				CODE_SIGN_STYLE = Automatic;
				CURRENT_PROJECT_VERSION = 1;
				DEVELOPMENT_ASSET_PATHS = "\"TempConvert/Preview Content\"";
				ENABLE_PREVIEWS = YES;
				GENERATE_INFOPLIST_FILE = YES;
				INFOPLIST_KEY_UIApplicationSceneManifest_Generation = YES;
				INFOPLIST_KEY_UIApplicationSupportsIndirectInputEvents = YES;
				INFOPLIST_KEY_UILaunchScreen_Generation = YES;
				INFOPLIST_KEY_UISupportedInterfaceOrientations_iPad = "UIInterfaceOrientationPortrait UIInterfaceOrientationPortraitUpsideDown UIInterfaceOrientationLandscapeLeft UIInterfaceOrientationLandscapeRight";
				INFOPLIST_KEY_UISupportedInterfaceOrientations_iPhone = "UIInterfaceOrientationPortrait UIInterfaceOrientationLandscapeLeft UIInterfaceOrientationLandscapeRight";
				LD_RUNPATH_SEARCH_PATHS = (
					"$(inherited)",
					"@executable_path/Frameworks",
				);
				MARKETING_VERSION = 1.0;
				PRODUCT_BUNDLE_IDENTIFIER = me.byrapatna.dhruva.TempConvert;
				PRODUCT_NAME = "$(TARGET_NAME)";
				SWIFT_EMIT_LOC_STRINGS = YES;
				SWIFT_VERSION = 5.0;
				TARGETED_DEVICE_FAMILY = "1,2";
			};
			name = Release;
		};
		B6530ED72DDBCDE400C728A5 /* Debug */ = {
			isa = XCBuildConfiguration;
			buildSettings = {
				BUNDLE_LOADER = "$(TEST_HOST)";
				CODE_SIGN_STYLE = Automatic;
				CURRENT_PROJECT_VERSION = 1;
				GENERATE_INFOPLIST_FILE = YES;
				IPHONEOS_DEPLOYMENT_TARGET = 18.2;
				MARKETING_VERSION = 1.0;
				PRODUCT_BUNDLE_IDENTIFIER = me.byrapatna.dhruva.TempConvertTests;
				PRODUCT_NAME = "$(TARGET_NAME)";
				SWIFT_EMIT_LOC_STRINGS = NO;
				SWIFT_VERSION = 5.0;
				TARGETED_DEVICE_FAMILY = "1,2";
				TEST_HOST = "$(BUILT_PRODUCTS_DIR)/TempConvert.app/$(BUNDLE_EXECUTABLE_FOLDER_PATH)/TempConvert";
			};
			name = Debug;
		};
		B6530ED82DDBCDE400C728A5 /* Release */ = {
			isa = XCBuildConfiguration;
			buildSettings = {
				BUNDLE_LOADER = "$(TEST_HOST)";
				CODE_SIGN_STYLE = Automatic;
				CURRENT_PROJECT_VERSION = 1;
				GENERATE_INFOPLIST_FILE = YES;
				IPHONEOS_DEPLOYMENT_TARGET = 18.2;
				MARKETING_VERSION = 1.0;
				PRODUCT_BUNDLE_IDENTIFIER = me.byrapatna.dhruva.TempConvertTests;
				PRODUCT_NAME = "$(TARGET_NAME)";
				SWIFT_EMIT_LOC_STRINGS = NO;
				SWIFT_VERSION = 5.0;
				TARGETED_DEVICE_FAMILY = "1,2";
				TEST_HOST = "$(BUILT_PRODUCTS_DIR)/TempConvert.app/$(BUNDLE_EXECUTABLE_FOLDER_PATH)/TempConvert";
			};
			name = Release;
		};
		B6530EDA2DDBCDE400C728A5 /* Debug */ = {
			isa = XCBuildConfiguration;
			buildSettings = {
				CODE_SIGN_STYLE = Automatic;
				CURRENT_PROJECT_VERSION = 1;
				GENERATE_INFOPLIST_FILE = YES;
				MARKETING_VERSION = 1.0;
				PRODUCT_BUNDLE_IDENTIFIER = me.byrapatna.dhruva.TempConvertUITests;
				PRODUCT_NAME = "$(TARGET_NAME)";
				SWIFT_EMIT_LOC_STRINGS = NO;
				SWIFT_VERSION = 5.0;
				TARGETED_DEVICE_FAMILY = "1,2";
				TEST_TARGET_NAME = TempConvert;
			};
			name = Debug;
		};
		B6530EDB2DDBCDE400C728A5 /* Release */ = {
			isa = XCBuildConfiguration;
			buildSettings = {
				CODE_SIGN_STYLE = Automatic;
				CURRENT_PROJECT_VERSION = 1;
				GENERATE_INFOPLIST_FILE = YES;
				MARKETING_VERSION = 1.0;
				PRODUCT_BUNDLE_IDENTIFIER = me.byrapatna.dhruva.TempConvertUITests;
				PRODUCT_NAME = "$(TARGET_NAME)";
				SWIFT_EMIT_LOC_STRINGS = NO;
				SWIFT_VERSION = 5.0;
				TARGETED_DEVICE_FAMILY = "1,2";
				TEST_TARGET_NAME = TempConvert;
			};
			name = Release;
		};
/* End XCBuildConfiguration section */

/* Begin XCConfigurationList section */
		B6530EAA2DDBCDE200C728A5 /* Build configuration list for PBXProject "TempConvert" */ = {
			isa = XCConfigurationList;
			buildConfigurations = (
				B6530ED12DDBCDE400C728A5 /* Debug */,
				B6530ED22DDBCDE400C728A5 /* Release */,
			);
			defaultConfigurationIsVisible = 0;
			defaultConfigurationName = Release;
		};
		B6530ED32DDBCDE400C728A5 /* Build configuration list for PBXNativeTarget "TempConvert" */ = {
			isa = XCConfigurationList;
			buildConfigurations = (
				B6530ED42DDBCDE400C728A5 /* Debug */,
				B6530ED52DDBCDE400C728A5 /* Release */,
			);
			defaultConfigurationIsVisible = 0;
			defaultConfigurationName = Release;
		};
		B6530ED62DDBCDE400C728A5 /* Build configuration list for PBXNativeTarget "TempConvertTests" */ = {
			isa = XCConfigurationList;
			buildConfigurations = (
				B6530ED72DDBCDE400C728A5 /* Debug */,
				B6530ED82DDBCDE400C728A5 /* Release */,
			);
			defaultConfigurationIsVisible = 0;
			defaultConfigurationName = Release;
		};
		B6530ED92DDBCDE400C728A5 /* Build configuration list for PBXNativeTarget "TempConvertUITests" */ = {
			isa = XCConfigurationList;
			buildConfigurations = (
				B6530EDA2DDBCDE400C728A5 /* Debug */,
				B6530EDB2DDBCDE400C728A5 /* Release */,
			);
			defaultConfigurationIsVisible = 0;
			defaultConfigurationName = Release;
		};
/* End XCConfigurationList section */
	};
	rootObject = B6530EA72DDBCDE200C728A5 /* Project object */;
}
